
Microsoft Visual Studio Solution File, Format Version 12.00
# Visual Studio Version 17
VisualStudioVersion = 17.5.002.0
MinimumVisualStudioVersion = 10.0.40219.1
Project("{9A19103F-16F7-4668-BE54-9A1E7A4F7556}") = "simple-arithmetic-Matthew-Stroud-Student", "simple-arithmetic-Matthew-Stroud-Student.csproj", "{F9A12DC3-3040-424E-B279-6387F8F3D31D}"
EndProject
Global
	GlobalSection(SolutionConfigurationPlatforms) = preSolution
		Debug|Any CPU = Debug|Any CPU
		Release|Any CPU = Release|Any CPU
	EndGlobalSection
	GlobalSection(ProjectConfigurationPlatforms) = postSolution
		{F9A12DC3-3040-424E-B279-6387F8F3D31D}.Debug|Any CPU.ActiveCfg = Debug|Any CPU
		{F9A12DC3-3040-424E-B279-6387F8F3D31D}.Debug|Any CPU.Build.0 = Debug|Any CPU
		{F9A12DC3-3040-424E-B279-6387F8F3D31D}.Release|Any CPU.ActiveCfg = Release|Any CPU
		{F9A12DC3-3040-424E-B279-6387F8F3D31D}.Release|Any CPU.Build.0 = Release|Any CPU
	EndGlobalSection
	GlobalSection(SolutionProperties) = preSolution
		HideSolutionNode = FALSE
	EndGlobalSection
	GlobalSection(ExtensibilityGlobals) = postSolution
		SolutionGuid = {7E210B09-8F66-49B7-9EAC-C1C51645A277}
	EndGlobalSection
EndGlobal
